
Microsoft Visual Studio Solution File, Format Version 12.00
# Visual Studio Version 16
VisualStudioVersion = 16.0.30503.244
MinimumVisualStudioVersion = 10.0.40219.1
Project("{8BC9CEB8-8B4A-11D0-8D11-00A0C91BC942}") = "Test1.3", "Test1.3\Test1.3.vcxproj", "{255312D7-57CA-4A2C-BFEE-7E8407E8880A}"
EndProject
Global
	GlobalSection(SolutionConfigurationPlatforms) = preSolution
		Debug|x64 = Debug|x64
		Debug|x86 = Debug|x86
		Release|x64 = Release|x64
		Release|x86 = Release|x86
	EndGlobalSection
	GlobalSection(ProjectConfigurationPlatforms) = postSolution
		{255312D7-57CA-4A2C-BFEE-7E8407E8880A}.Debug|x64.ActiveCfg = Debug|x64
		{255312D7-57CA-4A2C-BFEE-7E8407E8880A}.Debug|x64.Build.0 = Debug|x64
		{255312D7-57CA-4A2C-BFEE-7E8407E8880A}.Debug|x86.ActiveCfg = Debug|Win32
		{255312D7-57CA-4A2C-BFEE-7E8407E8880A}.Debug|x86.Build.0 = Debug|Win32
		{255312D7-57CA-4A2C-BFEE-7E8407E8880A}.Release|x64.ActiveCfg = Release|x64
		{255312D7-57CA-4A2C-BFEE-7E8407E8880A}.Release|x64.Build.0 = Release|x64
		{255312D7-57CA-4A2C-BFEE-7E8407E8880A}.Release|x86.ActiveCfg = Release|Win32
		{255312D7-57CA-4A2C-BFEE-7E8407E8880A}.Release|x86.Build.0 = Release|Win32
	EndGlobalSection
	GlobalSection(SolutionProperties) = preSolution
		HideSolutionNode = FALSE
	EndGlobalSection
	GlobalSection(ExtensibilityGlobals) = postSolution
		SolutionGuid = {84E38023-5748-4FE8-94CB-0CA0C2F0D7B8}
	EndGlobalSection
EndGlobal
